// !$*UTF8*$!
{
	archiveVersion = 1;
	classes = {
	};
	objectVersion = 70;
	objects = {

/* Begin PBXBuildFile section */
		AC31B9F22EAA010C007C123D /* Auth in Frameworks */ = {isa = PBXBuildFile; productRef = AC31B9F12EAA010C007C123D /* Auth */; };
		AC31B9F42EAA010C007C123D /* Functions in Frameworks */ = {isa = PBXBuildFile; productRef = AC31B9F32EAA010C007C123D /* Functions */; };
		AC31B9F62EAA010C007C123D /* PostgREST in Frameworks */ = {isa = PBXBuildFile; productRef = AC31B9F52EAA010C007C123D /* PostgREST */; };
		AC31B9F82EAA010C007C123D /* Realtime in Frameworks */ = {isa = PBXBuildFile; productRef = AC31B9F72EAA010C007C123D /* Realtime */; };
		AC31B9FA2EAA010C007C123D /* Storage in Frameworks */ = {isa = PBXBuildFile; productRef = AC31B9F92EAA010C007C123D /* Storage */; };
		AC31B9FC2EAA010C007C123D /* Supabase in Frameworks */ = {isa = PBXBuildFile; productRef = AC31B9FB2EAA010C007C123D /* Supabase */; };
		AC31BA382EB3A630007C123D /* XCTest.framework in Frameworks */ = {isa = PBXBuildFile; fileRef = AC31BA372EB3A630007C123D /* XCTest.framework */; platformFilter = ios; };
/* End PBXBuildFile section */

/* Begin PBXContainerItemProxy section */
		AC31BA2B2EB3A548007C123D /* PBXContainerItemProxy */ = {
			isa = PBXContainerItemProxy;
			containerPortal = ACBB71F92971EE7A002F5FC3 /* Project object */;
			proxyType = 1;
			remoteGlobalIDString = ACBB72002971EE7A002F5FC3;
			remoteInfo = "New Members Check In";
		};
/* End PBXContainerItemProxy section */

/* Begin PBXFileReference section */
		AC31BA272EB3A548007C123D /* New Members Check InTests.xctest */ = {isa = PBXFileReference; explicitFileType = wrapper.cfbundle; includeInIndex = 0; path = "New Members Check InTests.xctest"; sourceTree = BUILT_PRODUCTS_DIR; };
		AC31BA372EB3A630007C123D /* XCTest.framework */ = {isa = PBXFileReference; lastKnownFileType = wrapper.framework; name = XCTest.framework; path = Platforms/iPhoneOS.platform/Developer/Library/Frameworks/XCTest.framework; sourceTree = DEVELOPER_DIR; };
		ACBB72012971EE7A002F5FC3 /* New Members Check In.app */ = {isa = PBXFileReference; explicitFileType = wrapper.application; includeInIndex = 0; path = "New Members Check In.app"; sourceTree = BUILT_PRODUCTS_DIR; };
/* End PBXFileReference section */

/* Begin PBXFileSystemSynchronizedRootGroup section */
		AC31B9DB2EAA0098007C123D /* New Members Check In */ = {isa = PBXFileSystemSynchronizedRootGroup; explicitFileTypes = {}; explicitFolders = (); path = "New Members Check In"; sourceTree = "<group>"; };
		AC31BA282EB3A548007C123D /* New Members Check InTests */ = {isa = PBXFileSystemSynchronizedRootGroup; explicitFileTypes = {}; explicitFolders = (); path = "New Members Check InTests"; sourceTree = "<group>"; };
/* End PBXFileSystemSynchronizedRootGroup section */

/* Begin PBXFrameworksBuildPhase section */
		AC31BA242EB3A548007C123D /* Frameworks */ = {
			isa = PBXFrameworksBuildPhase;
			buildActionMask = 2147483647;
			files = (
				AC31BA382EB3A630007C123D /* XCTest.framework in Frameworks */,
			);
			runOnlyForDeploymentPostprocessing = 0;
		};
		ACBB71FE2971EE7A002F5FC3 /* Frameworks */ = {
			isa = PBXFrameworksBuildPhase;
			buildActionMask = 2147483647;
			files = (
				AC31B9F62EAA010C007C123D /* PostgREST in Frameworks */,
				AC31B9F42EAA010C007C123D /* Functions in Frameworks */,
				AC31B9FC2EAA010C007C123D /* Supabase in Frameworks */,
				AC31B9F22EAA010C007C123D /* Auth in Frameworks */,
				AC31B9FA2EAA010C007C123D /* Storage in Frameworks */,
				AC31B9F82EAA010C007C123D /* Realtime in Frameworks */,
			);
			runOnlyForDeploymentPostprocessing = 0;
		};
/* End PBXFrameworksBuildPhase section */

/* Begin PBXGroup section */
		AC31BA362EB3A630007C123D /* Frameworks */ = {
			isa = PBXGroup;
			children = (
				AC31BA372EB3A630007C123D /* XCTest.framework */,
			);
			name = Frameworks;
			sourceTree = "<group>";
		};
		ACBB71F82971EE7A002F5FC3 = {
			isa = PBXGroup;
			children = (
				AC31B9DB2EAA0098007C123D /* New Members Check In */,
				AC31BA282EB3A548007C123D /* New Members Check InTests */,
				AC31BA362EB3A630007C123D /* Frameworks */,
				ACBB72022971EE7A002F5FC3 /* Products */,
			);
			sourceTree = "<group>";
		};
		ACBB72022971EE7A002F5FC3 /* Products */ = {
			isa = PBXGroup;
			children = (
				ACBB72012971EE7A002F5FC3 /* New Members Check In.app */,
				AC31BA272EB3A548007C123D /* New Members Check InTests.xctest */,
			);
			name = Products;
			sourceTree = "<group>";
		};
/* End PBXGroup section */

/* Begin PBXNativeTarget section */
		AC31BA262EB3A548007C123D /* New Members Check InTests */ = {
			isa = PBXNativeTarget;
			buildConfigurationList = AC31BA2D2EB3A548007C123D /* Build configuration list for PBXNativeTarget "New Members Check InTests" */;
			buildPhases = (
				AC31BA232EB3A548007C123D /* Sources */,
				AC31BA242EB3A548007C123D /* Frameworks */,
				AC31BA252EB3A548007C123D /* Resources */,
			);
			buildRules = (
			);
			dependencies = (
				AC31BA2C2EB3A548007C123D /* PBXTargetDependency */,
			);
			fileSystemSynchronizedGroups = (
				AC31BA282EB3A548007C123D /* New Members Check InTests */,
			);
			name = "New Members Check InTests";
			packageProductDependencies = (
			);
			productName = "New Members Check InTests";
			productReference = AC31BA272EB3A548007C123D /* New Members Check InTests.xctest */;
			productType = "com.apple.product-type.bundle.unit-test";
		};
		ACBB72002971EE7A002F5FC3 /* New Members Check In */ = {
			isa = PBXNativeTarget;
			buildConfigurationList = ACBB720F2971EE7B002F5FC3 /* Build configuration list for PBXNativeTarget "New Members Check In" */;
			buildPhases = (
				ACBB71FD2971EE7A002F5FC3 /* Sources */,
				ACBB71FE2971EE7A002F5FC3 /* Frameworks */,
				ACBB71FF2971EE7A002F5FC3 /* Resources */,
			);
			buildRules = (
			);
			dependencies = (
			);
			fileSystemSynchronizedGroups = (
				AC31B9DB2EAA0098007C123D /* New Members Check In */,
			);
			name = "New Members Check In";
			productName = "New Members Check In";
			productReference = ACBB72012971EE7A002F5FC3 /* New Members Check In.app */;
			productType = "com.apple.product-type.application";
		};
/* End PBXNativeTarget section */

/* Begin PBXProject section */
		ACBB71F92971EE7A002F5FC3 /* Project object */ = {
			isa = PBXProject;
			attributes = {
				BuildIndependentTargetsInParallel = 1;
				LastSwiftUpdateCheck = 1630;
				LastUpgradeCheck = 1500;
				TargetAttributes = {
					AC31BA262EB3A548007C123D = {
						CreatedOnToolsVersion = 16.3;
						TestTargetID = ACBB72002971EE7A002F5FC3;
					};
					ACBB72002971EE7A002F5FC3 = {
						CreatedOnToolsVersion = 14.2;
					};
				};
			};
			buildConfigurationList = ACBB71FC2971EE7A002F5FC3 /* Build configuration list for PBXProject "New Members Check In" */;
			compatibilityVersion = "Xcode 14.0";
			developmentRegion = en;
			hasScannedForEncodings = 0;
			knownRegions = (
				en,
				Base,
			);
			mainGroup = ACBB71F82971EE7A002F5FC3;
			packageReferences = (
				AC31B9F02EAA010C007C123D /* XCRemoteSwiftPackageReference "supabase-swift" */,
			);
			productRefGroup = ACBB72022971EE7A002F5FC3 /* Products */;
			projectDirPath = "";
			projectRoot = "";
			targets = (
				ACBB72002971EE7A002F5FC3 /* New Members Check In */,
				AC31BA262EB3A548007C123D /* New Members Check InTests */,
			);
		};
/* End PBXProject section */

/* Begin PBXResourcesBuildPhase section */
		AC31BA252EB3A548007C123D /* Resources */ = {
			isa = PBXResourcesBuildPhase;
			buildActionMask = 2147483647;
			files = (
			);
			runOnlyForDeploymentPostprocessing = 0;
		};
		ACBB71FF2971EE7A002F5FC3 /* Resources */ = {
			isa = PBXResourcesBuildPhase;
			buildActionMask = 2147483647;
			files = (
			);
			runOnlyForDeploymentPostprocessing = 0;
		};
/* End PBXResourcesBuildPhase section */

/* Begin PBXSourcesBuildPhase section */
		AC31BA232EB3A548007C123D /* Sources */ = {
			isa = PBXSourcesBuildPhase;
			buildActionMask = 2147483647;
			files = (
			);
			runOnlyForDeploymentPostprocessing = 0;
		};
		ACBB71FD2971EE7A002F5FC3 /* Sources */ = {
			isa = PBXSourcesBuildPhase;
			buildActionMask = 2147483647;
			files = (
			);
			runOnlyForDeploymentPostprocessing = 0;
		};
/* End PBXSourcesBuildPhase section */

/* Begin PBXTargetDependency section */
		AC31BA2C2EB3A548007C123D /* PBXTargetDependency */ = {
			isa = PBXTargetDependency;
			target = ACBB72002971EE7A002F5FC3 /* New Members Check In */;
			targetProxy = AC31BA2B2EB3A548007C123D /* PBXContainerItemProxy */;
		};
/* End PBXTargetDependency section */

/* Begin XCBuildConfiguration section */
		AC31BA2E2EB3A548007C123D /* Debug */ = {
			isa = XCBuildConfiguration;
			buildSettings = {
				ASSETCATALOG_COMPILER_GENERATE_SWIFT_ASSET_SYMBOL_EXTENSIONS = YES;
				BUNDLE_LOADER = "$(TEST_HOST)";
				CODE_SIGN_STYLE = Automatic;
				CURRENT_PROJECT_VERSION = 1;
				DEVELOPMENT_TEAM = 8462243PH7;
				GCC_C_LANGUAGE_STANDARD = gnu17;
				GENERATE_INFOPLIST_FILE = YES;
				IPHONEOS_DEPLOYMENT_TARGET = 18.4;
				LOCALIZATION_PREFERS_STRING_CATALOGS = YES;
				MARKETING_VERSION = 1.0;
				"OTHER_SWIFT_FLAGS[arch=*]" = "-enable-testing";
				PRODUCT_BUNDLE_IDENTIFIER = "com.asherpope.New-Members-Check-InTests";
				PRODUCT_NAME = "$(TARGET_NAME)";
				SWIFT_ACTIVE_COMPILATION_CONDITIONS = "DEBUG $(inherited)";
				SWIFT_EMIT_LOC_STRINGS = NO;
				SWIFT_VERSION = 5.0;
				TARGETED_DEVICE_FAMILY = "1,2";
				TEST_HOST = "$(BUILT_PRODUCTS_DIR)/New Members Check In.app/$(BUNDLE_EXECUTABLE_FOLDER_PATH)/New Members Check In";
			};
			name = Debug;
		};
		AC31BA2F2EB3A548007C123D /* Release */ = {
			isa = XCBuildConfiguration;
			buildSettings = {
				ASSETCATALOG_COMPILER_GENERATE_SWIFT_ASSET_SYMBOL_EXTENSIONS = YES;
				BUNDLE_LOADER = "$(TEST_HOST)";
				CODE_SIGN_STYLE = Automatic;
				CURRENT_PROJECT_VERSION = 1;
				DEVELOPMENT_TEAM = 8462243PH7;
				GCC_C_LANGUAGE_STANDARD = gnu17;
				GENERATE_INFOPLIST_FILE = YES;
				IPHONEOS_DEPLOYMENT_TARGET = 18.4;
				LOCALIZATION_PREFERS_STRING_CATALOGS = YES;
				MARKETING_VERSION = 1.0;
				PRODUCT_BUNDLE_IDENTIFIER = "com.asherpope.New-Members-Check-InTests";
				PRODUCT_NAME = "$(TARGET_NAME)";
				SWIFT_EMIT_LOC_STRINGS = NO;
				SWIFT_VERSION = 5.0;
				TARGETED_DEVICE_FAMILY = "1,2";
				TEST_HOST = "$(BUILT_PRODUCTS_DIR)/New Members Check In.app/$(BUNDLE_EXECUTABLE_FOLDER_PATH)/New Members Check In";
			};
			name = Release;
		};
		ACBB720D2971EE7B002F5FC3 /* Debug */ = {
			isa = XCBuildConfiguration;
			buildSettings = {
				ALWAYS_SEARCH_USER_PATHS = NO;
				CLANG_ANALYZER_NONNULL = YES;
				CLANG_ANALYZER_NUMBER_OBJECT_CONVERSION = YES_AGGRESSIVE;
				CLANG_CXX_LANGUAGE_STANDARD = "gnu++20";
				CLANG_ENABLE_MODULES = YES;
				CLANG_ENABLE_OBJC_ARC = YES;
				CLANG_ENABLE_OBJC_WEAK = YES;
				CLANG_WARN_BLOCK_CAPTURE_AUTORELEASING = YES;
				CLANG_WARN_BOOL_CONVERSION = YES;
				CLANG_WARN_COMMA = YES;
				CLANG_WARN_CONSTANT_CONVERSION = YES;
				CLANG_WARN_DEPRECATED_OBJC_IMPLEMENTATIONS = YES;
				CLANG_WARN_DIRECT_OBJC_ISA_USAGE = YES_ERROR;
				CLANG_WARN_DOCUMENTATION_COMMENTS = YES;
				CLANG_WARN_EMPTY_BODY = YES;
				CLANG_WARN_ENUM_CONVERSION = YES;
				CLANG_WARN_INFINITE_RECURSION = YES;
				CLANG_WARN_INT_CONVERSION = YES;
				CLANG_WARN_NON_LITERAL_NULL_CONVERSION = YES;
				CLANG_WARN_OBJC_IMPLICIT_RETAIN_SELF = YES;
				CLANG_WARN_OBJC_LITERAL_CONVERSION = YES;
				CLANG_WARN_OBJC_ROOT_CLASS = YES_ERROR;
				CLANG_WARN_QUOTED_INCLUDE_IN_FRAMEWORK_HEADER = YES;
				CLANG_WARN_RANGE_LOOP_ANALYSIS = YES;
				CLANG_WARN_STRICT_PROTOTYPES = YES;
				CLANG_WARN_SUSPICIOUS_MOVE = YES;
				CLANG_WARN_UNGUARDED_AVAILABILITY = YES_AGGRESSIVE;
				CLANG_WARN_UNREACHABLE_CODE = YES;
				CLANG_WARN__DUPLICATE_METHOD_MATCH = YES;
				COPY_PHASE_STRIP = NO;
				DEBUG_INFORMATION_FORMAT = dwarf;
				ENABLE_STRICT_OBJC_MSGSEND = YES;
				ENABLE_TESTABILITY = YES;
				ENABLE_USER_SCRIPT_SANDBOXING = YES;
				GCC_C_LANGUAGE_STANDARD = gnu11;
				GCC_DYNAMIC_NO_PIC = NO;
				GCC_NO_COMMON_BLOCKS = YES;
				GCC_OPTIMIZATION_LEVEL = 0;
				GCC_PREPROCESSOR_DEFINITIONS = (
					"DEBUG=1",
					"$(inherited)",
				);
				GCC_WARN_64_TO_32_BIT_CONVERSION = YES;
				GCC_WARN_ABOUT_RETURN_TYPE = YES_ERROR;
				GCC_WARN_UNDECLARED_SELECTOR = YES;
				GCC_WARN_UNINITIALIZED_AUTOS = YES_AGGRESSIVE;
				GCC_WARN_UNUSED_FUNCTION = YES;
				GCC_WARN_UNUSED_VARIABLE = YES;
				IPHONEOS_DEPLOYMENT_TARGET = 16.2;
				MTL_ENABLE_DEBUG_INFO = INCLUDE_SOURCE;
				MTL_FAST_MATH = YES;
				ONLY_ACTIVE_ARCH = YES;
				SDKROOT = iphoneos;
				SWIFT_ACTIVE_COMPILATION_CONDITIONS = DEBUG;
				SWIFT_OPTIMIZATION_LEVEL = "-Onone";
			};
			name = Debug;
		};
		ACBB720E2971EE7B002F5FC3 /* Release */ = {
			isa = XCBuildConfiguration;
			buildSettings = {
				ALWAYS_SEARCH_USER_PATHS = NO;
				CLANG_ANALYZER_NONNULL = YES;
				CLANG_ANALYZER_NUMBER_OBJECT_CONVERSION = YES_AGGRESSIVE;
				CLANG_CXX_LANGUAGE_STANDARD = "gnu++20";
				CLANG_ENABLE_MODULES = YES;
				CLANG_ENABLE_OBJC_ARC = YES;
				CLANG_ENABLE_OBJC_WEAK = YES;
				CLANG_WARN_BLOCK_CAPTURE_AUTORELEASING = YES;
				CLANG_WARN_BOOL_CONVERSION = YES;
				CLANG_WARN_COMMA = YES;
				CLANG_WARN_CONSTANT_CONVERSION = YES;
				CLANG_WARN_DEPRECATED_OBJC_IMPLEMENTATIONS = YES;
				CLANG_WARN_DIRECT_OBJC_ISA_USAGE = YES_ERROR;
				CLANG_WARN_DOCUMENTATION_COMMENTS = YES;
				CLANG_WARN_EMPTY_BODY = YES;
				CLANG_WARN_ENUM_CONVERSION = YES;
				CLANG_WARN_INFINITE_RECURSION = YES;
				CLANG_WARN_INT_CONVERSION = YES;
				CLANG_WARN_NON_LITERAL_NULL_CONVERSION = YES;
				CLANG_WARN_OBJC_IMPLICIT_RETAIN_SELF = YES;
				CLANG_WARN_OBJC_LITERAL_CONVERSION = YES;
				CLANG_WARN_OBJC_ROOT_CLASS = YES_ERROR;
				CLANG_WARN_QUOTED_INCLUDE_IN_FRAMEWORK_HEADER = YES;
				CLANG_WARN_RANGE_LOOP_ANALYSIS = YES;
				CLANG_WARN_STRICT_PROTOTYPES = YES;
				CLANG_WARN_SUSPICIOUS_MOVE = YES;
				CLANG_WARN_UNGUARDED_AVAILABILITY = YES_AGGRESSIVE;
				CLANG_WARN_UNREACHABLE_CODE = YES;
				CLANG_WARN__DUPLICATE_METHOD_MATCH = YES;
				COPY_PHASE_STRIP = NO;
				DEBUG_INFORMATION_FORMAT = "dwarf-with-dsym";
				ENABLE_NS_ASSERTIONS = NO;
				ENABLE_STRICT_OBJC_MSGSEND = YES;
				ENABLE_USER_SCRIPT_SANDBOXING = YES;
				GCC_C_LANGUAGE_STANDARD = gnu11;
				GCC_NO_COMMON_BLOCKS = YES;
				GCC_WARN_64_TO_32_BIT_CONVERSION = YES;
				GCC_WARN_ABOUT_RETURN_TYPE = YES_ERROR;
				GCC_WARN_UNDECLARED_SELECTOR = YES;
				GCC_WARN_UNINITIALIZED_AUTOS = YES_AGGRESSIVE;
				GCC_WARN_UNUSED_FUNCTION = YES;
				GCC_WARN_UNUSED_VARIABLE = YES;
				IPHONEOS_DEPLOYMENT_TARGET = 16.2;
				MTL_ENABLE_DEBUG_INFO = NO;
				MTL_FAST_MATH = YES;
				SDKROOT = iphoneos;
				SWIFT_COMPILATION_MODE = wholemodule;
				SWIFT_OPTIMIZATION_LEVEL = "-O";
				VALIDATE_PRODUCT = YES;
			};
			name = Release;
		};
		ACBB72102971EE7B002F5FC3 /* Debug */ = {
			isa = XCBuildConfiguration;
			buildSettings = {
				ASSETCATALOG_COMPILER_APPICON_NAME = AppIcon;
				ASSETCATALOG_COMPILER_GLOBAL_ACCENT_COLOR_NAME = AccentColor;
				CODE_SIGN_IDENTITY = "Apple Development";
				CODE_SIGN_STYLE = Automatic;
				CURRENT_PROJECT_VERSION = 17;
				DEVELOPMENT_ASSET_PATHS = "\"New Members Check In/Preview Content\"";
				DEVELOPMENT_TEAM = 8462243PH7;
				ENABLE_PREVIEWS = YES;
				GENERATE_INFOPLIST_FILE = YES;
				INFOPLIST_FILE = "New-Members-Check-In-Info.plist";
				INFOPLIST_KEY_CFBundleDisplayName = "New Members Check In";
				INFOPLIST_KEY_ITSAppUsesNonExemptEncryption = NO;
				INFOPLIST_KEY_LSApplicationCategoryType = "public.app-category.utilities";
				INFOPLIST_KEY_UIApplicationSceneManifest_Generation = YES;
				INFOPLIST_KEY_UIApplicationSupportsIndirectInputEvents = YES;
				INFOPLIST_KEY_UILaunchScreen_Generation = YES;
				INFOPLIST_KEY_UIRequiresFullScreen = NO;
				INFOPLIST_KEY_UIStatusBarHidden = YES;
				INFOPLIST_KEY_UISupportedInterfaceOrientations_iPad = "UIInterfaceOrientationPortrait UIInterfaceOrientationPortraitUpsideDown UIInterfaceOrientationLandscapeLeft UIInterfaceOrientationLandscapeRight";
				INFOPLIST_KEY_UISupportedInterfaceOrientations_iPhone = "UIInterfaceOrientationPortrait UIInterfaceOrientationLandscapeLeft UIInterfaceOrientationLandscapeRight";
				IPHONEOS_DEPLOYMENT_TARGET = 16.0;
				LD_RUNPATH_SEARCH_PATHS = (
					"$(inherited)",
					"@executable_path/Frameworks",
				);
				MARKETING_VERSION = 1.0.3;
				PRODUCT_BUNDLE_IDENTIFIER = "org.christcovenant.New-Members-Check-In";
				PRODUCT_NAME = "$(TARGET_NAME)";
				PROVISIONING_PROFILE_SPECIFIER = "";
				SUPPORTED_PLATFORMS = "iphoneos iphonesimulator";
				SUPPORTS_MACCATALYST = NO;
				SUPPORTS_MAC_DESIGNED_FOR_IPHONE_IPAD = NO;
				SWIFT_EMIT_LOC_STRINGS = YES;
				SWIFT_VERSION = 5.0;
				TARGETED_DEVICE_FAMILY = "1,2";
			};
			name = Debug;
		};
		ACBB72112971EE7B002F5FC3 /* Release */ = {
			isa = XCBuildConfiguration;
			buildSettings = {
				ASSETCATALOG_COMPILER_APPICON_NAME = AppIcon;
				ASSETCATALOG_COMPILER_GLOBAL_ACCENT_COLOR_NAME = AccentColor;
				CODE_SIGN_IDENTITY = "Apple Development";
				CODE_SIGN_STYLE = Automatic;
				CURRENT_PROJECT_VERSION = 17;
				DEVELOPMENT_ASSET_PATHS = "\"New Members Check In/Preview Content\"";
				DEVELOPMENT_TEAM = 8462243PH7;
				ENABLE_PREVIEWS = YES;
				GENERATE_INFOPLIST_FILE = YES;
				INFOPLIST_FILE = "New-Members-Check-In-Info.plist";
				INFOPLIST_KEY_CFBundleDisplayName = "New Members Check In";
				INFOPLIST_KEY_ITSAppUsesNonExemptEncryption = NO;
				INFOPLIST_KEY_LSApplicationCategoryType = "public.app-category.utilities";
				INFOPLIST_KEY_UIApplicationSceneManifest_Generation = YES;
				INFOPLIST_KEY_UIApplicationSupportsIndirectInputEvents = YES;
				INFOPLIST_KEY_UILaunchScreen_Generation = YES;
				INFOPLIST_KEY_UIRequiresFullScreen = NO;
				INFOPLIST_KEY_UIStatusBarHidden = YES;
				INFOPLIST_KEY_UISupportedInterfaceOrientations_iPad = "UIInterfaceOrientationPortrait UIInterfaceOrientationPortraitUpsideDown UIInterfaceOrientationLandscapeLeft UIInterfaceOrientationLandscapeRight";
				INFOPLIST_KEY_UISupportedInterfaceOrientations_iPhone = "UIInterfaceOrientationPortrait UIInterfaceOrientationLandscapeLeft UIInterfaceOrientationLandscapeRight";
				IPHONEOS_DEPLOYMENT_TARGET = 16.0;
				LD_RUNPATH_SEARCH_PATHS = (
					"$(inherited)",
					"@executable_path/Frameworks",
				);
				MARKETING_VERSION = 1.0.3;
				PRODUCT_BUNDLE_IDENTIFIER = "org.christcovenant.New-Members-Check-In";
				PRODUCT_NAME = "$(TARGET_NAME)";
				PROVISIONING_PROFILE_SPECIFIER = "";
				SUPPORTED_PLATFORMS = "iphoneos iphonesimulator";
				SUPPORTS_MACCATALYST = NO;
				SUPPORTS_MAC_DESIGNED_FOR_IPHONE_IPAD = NO;
				SWIFT_EMIT_LOC_STRINGS = YES;
				SWIFT_VERSION = 5.0;
				TARGETED_DEVICE_FAMILY = "1,2";
			};
			name = Release;
		};
/* End XCBuildConfiguration section */

/* Begin XCConfigurationList section */
		AC31BA2D2EB3A548007C123D /* Build configuration list for PBXNativeTarget "New Members Check InTests" */ = {
			isa = XCConfigurationList;
			buildConfigurations = (
				AC31BA2E2EB3A548007C123D /* Debug */,
				AC31BA2F2EB3A548007C123D /* Release */,
			);
			defaultConfigurationIsVisible = 0;
			defaultConfigurationName = Release;
		};
		ACBB71FC2971EE7A002F5FC3 /* Build configuration list for PBXProject "New Members Check In" */ = {
			isa = XCConfigurationList;
			buildConfigurations = (
				ACBB720D2971EE7B002F5FC3 /* Debug */,
				ACBB720E2971EE7B002F5FC3 /* Release */,
			);
			defaultConfigurationIsVisible = 0;
			defaultConfigurationName = Release;
		};
		ACBB720F2971EE7B002F5FC3 /* Build configuration list for PBXNativeTarget "New Members Check In" */ = {
			isa = XCConfigurationList;
			buildConfigurations = (
				ACBB72102971EE7B002F5FC3 /* Debug */,
				ACBB72112971EE7B002F5FC3 /* Release */,
			);
			defaultConfigurationIsVisible = 0;
			defaultConfigurationName = Release;
		};
/* End XCConfigurationList section */

/* Begin XCRemoteSwiftPackageReference section */
		AC31B9F02EAA010C007C123D /* XCRemoteSwiftPackageReference "supabase-swift" */ = {
			isa = XCRemoteSwiftPackageReference;
			repositoryURL = "https://github.com/supabase/supabase-swift.git";
			requirement = {
				kind = upToNextMajorVersion;
				minimumVersion = 2.5.1;
			};
		};
/* End XCRemoteSwiftPackageReference section */

/* Begin XCSwiftPackageProductDependency section */
		AC31B9F12EAA010C007C123D /* Auth */ = {
			isa = XCSwiftPackageProductDependency;
			package = AC31B9F02EAA010C007C123D /* XCRemoteSwiftPackageReference "supabase-swift" */;
			productName = Auth;
		};
		AC31B9F32EAA010C007C123D /* Functions */ = {
			isa = XCSwiftPackageProductDependency;
			package = AC31B9F02EAA010C007C123D /* XCRemoteSwiftPackageReference "supabase-swift" */;
			productName = Functions;
		};
		AC31B9F52EAA010C007C123D /* PostgREST */ = {
			isa = XCSwiftPackageProductDependency;
			package = AC31B9F02EAA010C007C123D /* XCRemoteSwiftPackageReference "supabase-swift" */;
			productName = PostgREST;
		};
		AC31B9F72EAA010C007C123D /* Realtime */ = {
			isa = XCSwiftPackageProductDependency;
			package = AC31B9F02EAA010C007C123D /* XCRemoteSwiftPackageReference "supabase-swift" */;
			productName = Realtime;
		};
		AC31B9F92EAA010C007C123D /* Storage */ = {
			isa = XCSwiftPackageProductDependency;
			package = AC31B9F02EAA010C007C123D /* XCRemoteSwiftPackageReference "supabase-swift" */;
			productName = Storage;
		};
		AC31B9FB2EAA010C007C123D /* Supabase */ = {
			isa = XCSwiftPackageProductDependency;
			package = AC31B9F02EAA010C007C123D /* XCRemoteSwiftPackageReference "supabase-swift" */;
			productName = Supabase;
		};
/* End XCSwiftPackageProductDependency section */
	};
	rootObject = ACBB71F92971EE7A002F5FC3 /* Project object */;
}
