// !$*UTF8*$!
{
	archiveVersion = 1;
	classes = {
	};
	objectVersion = 56;
	objects = {

/* Begin PBXBuildFile section */
		ACBB72052971EE7A002F5FC3 /* New_Members_Check_InApp.swift in Sources */ = {isa = PBXBuildFile; fileRef = ACBB72042971EE7A002F5FC3 /* New_Members_Check_InApp.swift */; };
		ACBB72092971EE7B002F5FC3 /* Assets.xcassets in Resources */ = {isa = PBXBuildFile; fileRef = ACBB72082971EE7B002F5FC3 /* Assets.xcassets */; };
		ACBB720C2971EE7B002F5FC3 /* Preview Assets.xcassets in Resources */ = {isa = PBXBuildFile; fileRef = ACBB720B2971EE7B002F5FC3 /* Preview Assets.xcassets */; };
		ACBB72132971F131002F5FC3 /* HomepageView.swift in Sources */ = {isa = PBXBuildFile; fileRef = ACBB72122971F131002F5FC3 /* HomepageView.swift */; };
		ACBB72152971F156002F5FC3 /* CheckInView.swift in Sources */ = {isa = PBXBuildFile; fileRef = ACBB72142971F156002F5FC3 /* CheckInView.swift */; };
		ACBB72172971F174002F5FC3 /* MissingMembersView.swift in Sources */ = {isa = PBXBuildFile; fileRef = ACBB72162971F174002F5FC3 /* MissingMembersView.swift */; };
		ACBB72192971F364002F5FC3 /* SuccessToast.swift in Sources */ = {isa = PBXBuildFile; fileRef = ACBB72182971F364002F5FC3 /* SuccessToast.swift */; };
		ACBB721B2971F445002F5FC3 /* SearchbarView.swift in Sources */ = {isa = PBXBuildFile; fileRef = ACBB721A2971F445002F5FC3 /* SearchbarView.swift */; };
		ACBB721D2971F45F002F5FC3 /* Records.swift in Sources */ = {isa = PBXBuildFile; fileRef = ACBB721C2971F45F002F5FC3 /* Records.swift */; };
		ACBB721F2971F4CB002F5FC3 /* Airtable.swift in Sources */ = {isa = PBXBuildFile; fileRef = ACBB721E2971F4CB002F5FC3 /* Airtable.swift */; };
		ACBB72212971F4EE002F5FC3 /* HexColorExtension.swift in Sources */ = {isa = PBXBuildFile; fileRef = ACBB72202971F4EE002F5FC3 /* HexColorExtension.swift */; };
		ACBB72232971F500002F5FC3 /* Date.swift in Sources */ = {isa = PBXBuildFile; fileRef = ACBB72222971F500002F5FC3 /* Date.swift */; };
		ACBB72252971F511002F5FC3 /* Checklist.swift in Sources */ = {isa = PBXBuildFile; fileRef = ACBB72242971F511002F5FC3 /* Checklist.swift */; };
		ACBB72272971F524002F5FC3 /* CCCTitleView.swift in Sources */ = {isa = PBXBuildFile; fileRef = ACBB72262971F524002F5FC3 /* CCCTitleView.swift */; };
		ACE06B4A297262200018F40A /* ContentView.swift in Sources */ = {isa = PBXBuildFile; fileRef = ACE06B49297262200018F40A /* ContentView.swift */; };
		ACE06B4C297266910018F40A /* Authentication.swift in Sources */ = {isa = PBXBuildFile; fileRef = ACE06B4B297266910018F40A /* Authentication.swift */; };
/* End PBXBuildFile section */

/* Begin PBXFileReference section */
		ACBB72012971EE7A002F5FC3 /* New Members Check In.app */ = {isa = PBXFileReference; explicitFileType = wrapper.application; includeInIndex = 0; path = "New Members Check In.app"; sourceTree = BUILT_PRODUCTS_DIR; };
		ACBB72042971EE7A002F5FC3 /* New_Members_Check_InApp.swift */ = {isa = PBXFileReference; lastKnownFileType = sourcecode.swift; path = New_Members_Check_InApp.swift; sourceTree = "<group>"; };
		ACBB72082971EE7B002F5FC3 /* Assets.xcassets */ = {isa = PBXFileReference; lastKnownFileType = folder.assetcatalog; path = Assets.xcassets; sourceTree = "<group>"; };
		ACBB720B2971EE7B002F5FC3 /* Preview Assets.xcassets */ = {isa = PBXFileReference; lastKnownFileType = folder.assetcatalog; path = "Preview Assets.xcassets"; sourceTree = "<group>"; };
		ACBB72122971F131002F5FC3 /* HomepageView.swift */ = {isa = PBXFileReference; lastKnownFileType = sourcecode.swift; path = HomepageView.swift; sourceTree = "<group>"; };
		ACBB72142971F156002F5FC3 /* CheckInView.swift */ = {isa = PBXFileReference; lastKnownFileType = sourcecode.swift; path = CheckInView.swift; sourceTree = "<group>"; };
		ACBB72162971F174002F5FC3 /* MissingMembersView.swift */ = {isa = PBXFileReference; lastKnownFileType = sourcecode.swift; path = MissingMembersView.swift; sourceTree = "<group>"; };
		ACBB72182971F364002F5FC3 /* SuccessToast.swift */ = {isa = PBXFileReference; lastKnownFileType = sourcecode.swift; path = SuccessToast.swift; sourceTree = "<group>"; };
		ACBB721A2971F445002F5FC3 /* SearchbarView.swift */ = {isa = PBXFileReference; lastKnownFileType = sourcecode.swift; path = SearchbarView.swift; sourceTree = "<group>"; };
		ACBB721C2971F45F002F5FC3 /* Records.swift */ = {isa = PBXFileReference; lastKnownFileType = sourcecode.swift; path = Records.swift; sourceTree = "<group>"; };
		ACBB721E2971F4CB002F5FC3 /* Airtable.swift */ = {isa = PBXFileReference; lastKnownFileType = sourcecode.swift; path = Airtable.swift; sourceTree = "<group>"; };
		ACBB72202971F4EE002F5FC3 /* HexColorExtension.swift */ = {isa = PBXFileReference; lastKnownFileType = sourcecode.swift; path = HexColorExtension.swift; sourceTree = "<group>"; };
		ACBB72222971F500002F5FC3 /* Date.swift */ = {isa = PBXFileReference; lastKnownFileType = sourcecode.swift; path = Date.swift; sourceTree = "<group>"; };
		ACBB72242971F511002F5FC3 /* Checklist.swift */ = {isa = PBXFileReference; lastKnownFileType = sourcecode.swift; path = Checklist.swift; sourceTree = "<group>"; };
		ACBB72262971F524002F5FC3 /* CCCTitleView.swift */ = {isa = PBXFileReference; lastKnownFileType = sourcecode.swift; path = CCCTitleView.swift; sourceTree = "<group>"; };
		ACBB72282971F713002F5FC3 /* New-Members-Check-In-Info.plist */ = {isa = PBXFileReference; lastKnownFileType = text.plist; path = "New-Members-Check-In-Info.plist"; sourceTree = SOURCE_ROOT; };
		ACE06B49297262200018F40A /* ContentView.swift */ = {isa = PBXFileReference; lastKnownFileType = sourcecode.swift; path = ContentView.swift; sourceTree = "<group>"; };
		ACE06B4B297266910018F40A /* Authentication.swift */ = {isa = PBXFileReference; lastKnownFileType = sourcecode.swift; path = Authentication.swift; sourceTree = "<group>"; };
/* End PBXFileReference section */

/* Begin PBXFrameworksBuildPhase section */
		ACBB71FE2971EE7A002F5FC3 /* Frameworks */ = {
			isa = PBXFrameworksBuildPhase;
			buildActionMask = 2147483647;
			files = (
			);
			runOnlyForDeploymentPostprocessing = 0;
		};
/* End PBXFrameworksBuildPhase section */

/* Begin PBXGroup section */
		AC0532E62A8FD62800CD0BF2 /* data */ = {
			isa = PBXGroup;
			children = (
				ACBB72202971F4EE002F5FC3 /* HexColorExtension.swift */,
				ACBB72222971F500002F5FC3 /* Date.swift */,
				AC0532EB2A8FD6DD00CD0BF2 /* remote */,
			);
			path = data;
			sourceTree = "<group>";
		};
		AC0532E72A8FD62F00CD0BF2 /* presentation */ = {
			isa = PBXGroup;
			children = (
				ACE06B49297262200018F40A /* ContentView.swift */,
				ACBB72122971F131002F5FC3 /* HomepageView.swift */,
				ACE06B4B297266910018F40A /* Authentication.swift */,
				AC0532E92A8FD66200CD0BF2 /* missing members */,
				AC0532E82A8FD65400CD0BF2 /* check in */,
			);
			path = presentation;
			sourceTree = "<group>";
		};
		AC0532E82A8FD65400CD0BF2 /* check in */ = {
			isa = PBXGroup;
			children = (
				ACBB72142971F156002F5FC3 /* CheckInView.swift */,
				AC0532EA2A8FD67300CD0BF2 /* components */,
			);
			path = "check in";
			sourceTree = "<group>";
		};
		AC0532E92A8FD66200CD0BF2 /* missing members */ = {
			isa = PBXGroup;
			children = (
				ACBB72162971F174002F5FC3 /* MissingMembersView.swift */,
			);
			path = "missing members";
			sourceTree = "<group>";
		};
		AC0532EA2A8FD67300CD0BF2 /* components */ = {
			isa = PBXGroup;
			children = (
				ACBB72242971F511002F5FC3 /* Checklist.swift */,
				ACBB72262971F524002F5FC3 /* CCCTitleView.swift */,
				ACBB721A2971F445002F5FC3 /* SearchbarView.swift */,
				ACBB72182971F364002F5FC3 /* SuccessToast.swift */,
			);
			path = components;
			sourceTree = "<group>";
		};
		AC0532EB2A8FD6DD00CD0BF2 /* remote */ = {
			isa = PBXGroup;
			children = (
				ACBB721E2971F4CB002F5FC3 /* Airtable.swift */,
				ACBB721C2971F45F002F5FC3 /* Records.swift */,
			);
			path = remote;
			sourceTree = "<group>";
		};
		ACBB71F82971EE7A002F5FC3 = {
			isa = PBXGroup;
			children = (
				ACBB72032971EE7A002F5FC3 /* New Members Check In */,
				ACBB72022971EE7A002F5FC3 /* Products */,
			);
			sourceTree = "<group>";
		};
		ACBB72022971EE7A002F5FC3 /* Products */ = {
			isa = PBXGroup;
			children = (
				ACBB72012971EE7A002F5FC3 /* New Members Check In.app */,
			);
			name = Products;
			sourceTree = "<group>";
		};
		ACBB72032971EE7A002F5FC3 /* New Members Check In */ = {
			isa = PBXGroup;
			children = (
				AC0532E72A8FD62F00CD0BF2 /* presentation */,
				AC0532E62A8FD62800CD0BF2 /* data */,
				ACBB72042971EE7A002F5FC3 /* New_Members_Check_InApp.swift */,
				ACBB72082971EE7B002F5FC3 /* Assets.xcassets */,
				ACBB72282971F713002F5FC3 /* New-Members-Check-In-Info.plist */,
				ACBB720A2971EE7B002F5FC3 /* Preview Content */,
			);
			path = "New Members Check In";
			sourceTree = "<group>";
		};
		ACBB720A2971EE7B002F5FC3 /* Preview Content */ = {
			isa = PBXGroup;
			children = (
				ACBB720B2971EE7B002F5FC3 /* Preview Assets.xcassets */,
			);
			path = "Preview Content";
			sourceTree = "<group>";
		};
/* End PBXGroup section */

/* Begin PBXNativeTarget section */
		ACBB72002971EE7A002F5FC3 /* New Members Check In */ = {
			isa = PBXNativeTarget;
			buildConfigurationList = ACBB720F2971EE7B002F5FC3 /* Build configuration list for PBXNativeTarget "New Members Check In" */;
			buildPhases = (
				ACBB71FD2971EE7A002F5FC3 /* Sources */,
				ACBB71FE2971EE7A002F5FC3 /* Frameworks */,
				ACBB71FF2971EE7A002F5FC3 /* Resources */,
			);
			buildRules = (
			);
			dependencies = (
			);
			name = "New Members Check In";
			productName = "New Members Check In";
			productReference = ACBB72012971EE7A002F5FC3 /* New Members Check In.app */;
			productType = "com.apple.product-type.application";
		};
/* End PBXNativeTarget section */

/* Begin PBXProject section */
		ACBB71F92971EE7A002F5FC3 /* Project object */ = {
			isa = PBXProject;
			attributes = {
				BuildIndependentTargetsInParallel = 1;
				LastSwiftUpdateCheck = 1420;
				LastUpgradeCheck = 1420;
				TargetAttributes = {
					ACBB72002971EE7A002F5FC3 = {
						CreatedOnToolsVersion = 14.2;
					};
				};
			};
			buildConfigurationList = ACBB71FC2971EE7A002F5FC3 /* Build configuration list for PBXProject "New Members Check In" */;
			compatibilityVersion = "Xcode 14.0";
			developmentRegion = en;
			hasScannedForEncodings = 0;
			knownRegions = (
				en,
				Base,
			);
			mainGroup = ACBB71F82971EE7A002F5FC3;
			productRefGroup = ACBB72022971EE7A002F5FC3 /* Products */;
			projectDirPath = "";
			projectRoot = "";
			targets = (
				ACBB72002971EE7A002F5FC3 /* New Members Check In */,
			);
		};
/* End PBXProject section */

/* Begin PBXResourcesBuildPhase section */
		ACBB71FF2971EE7A002F5FC3 /* Resources */ = {
			isa = PBXResourcesBuildPhase;
			buildActionMask = 2147483647;
			files = (
				ACBB720C2971EE7B002F5FC3 /* Preview Assets.xcassets in Resources */,
				ACBB72092971EE7B002F5FC3 /* Assets.xcassets in Resources */,
			);
			runOnlyForDeploymentPostprocessing = 0;
		};
/* End PBXResourcesBuildPhase section */

/* Begin PBXSourcesBuildPhase section */
		ACBB71FD2971EE7A002F5FC3 /* Sources */ = {
			isa = PBXSourcesBuildPhase;
			buildActionMask = 2147483647;
			files = (
				ACBB72132971F131002F5FC3 /* HomepageView.swift in Sources */,
				ACBB72232971F500002F5FC3 /* Date.swift in Sources */,
				ACBB721D2971F45F002F5FC3 /* Records.swift in Sources */,
				ACBB72272971F524002F5FC3 /* CCCTitleView.swift in Sources */,
				ACE06B4C297266910018F40A /* Authentication.swift in Sources */,
				ACE06B4A297262200018F40A /* ContentView.swift in Sources */,
				ACBB72052971EE7A002F5FC3 /* New_Members_Check_InApp.swift in Sources */,
				ACBB721B2971F445002F5FC3 /* SearchbarView.swift in Sources */,
				ACBB72212971F4EE002F5FC3 /* HexColorExtension.swift in Sources */,
				ACBB721F2971F4CB002F5FC3 /* Airtable.swift in Sources */,
				ACBB72152971F156002F5FC3 /* CheckInView.swift in Sources */,
				ACBB72192971F364002F5FC3 /* SuccessToast.swift in Sources */,
				ACBB72252971F511002F5FC3 /* Checklist.swift in Sources */,
				ACBB72172971F174002F5FC3 /* MissingMembersView.swift in Sources */,
			);
			runOnlyForDeploymentPostprocessing = 0;
		};
/* End PBXSourcesBuildPhase section */

/* Begin XCBuildConfiguration section */
		ACBB720D2971EE7B002F5FC3 /* Debug */ = {
			isa = XCBuildConfiguration;
			buildSettings = {
				ALWAYS_SEARCH_USER_PATHS = NO;
				CLANG_ANALYZER_NONNULL = YES;
				CLANG_ANALYZER_NUMBER_OBJECT_CONVERSION = YES_AGGRESSIVE;
				CLANG_CXX_LANGUAGE_STANDARD = "gnu++20";
				CLANG_ENABLE_MODULES = YES;
				CLANG_ENABLE_OBJC_ARC = YES;
				CLANG_ENABLE_OBJC_WEAK = YES;
				CLANG_WARN_BLOCK_CAPTURE_AUTORELEASING = YES;
				CLANG_WARN_BOOL_CONVERSION = YES;
				CLANG_WARN_COMMA = YES;
				CLANG_WARN_CONSTANT_CONVERSION = YES;
				CLANG_WARN_DEPRECATED_OBJC_IMPLEMENTATIONS = YES;
				CLANG_WARN_DIRECT_OBJC_ISA_USAGE = YES_ERROR;
				CLANG_WARN_DOCUMENTATION_COMMENTS = YES;
				CLANG_WARN_EMPTY_BODY = YES;
				CLANG_WARN_ENUM_CONVERSION = YES;
				CLANG_WARN_INFINITE_RECURSION = YES;
				CLANG_WARN_INT_CONVERSION = YES;
				CLANG_WARN_NON_LITERAL_NULL_CONVERSION = YES;
				CLANG_WARN_OBJC_IMPLICIT_RETAIN_SELF = YES;
				CLANG_WARN_OBJC_LITERAL_CONVERSION = YES;
				CLANG_WARN_OBJC_ROOT_CLASS = YES_ERROR;
				CLANG_WARN_QUOTED_INCLUDE_IN_FRAMEWORK_HEADER = YES;
				CLANG_WARN_RANGE_LOOP_ANALYSIS = YES;
				CLANG_WARN_STRICT_PROTOTYPES = YES;
				CLANG_WARN_SUSPICIOUS_MOVE = YES;
				CLANG_WARN_UNGUARDED_AVAILABILITY = YES_AGGRESSIVE;
				CLANG_WARN_UNREACHABLE_CODE = YES;
				CLANG_WARN__DUPLICATE_METHOD_MATCH = YES;
				COPY_PHASE_STRIP = NO;
				DEBUG_INFORMATION_FORMAT = dwarf;
				ENABLE_STRICT_OBJC_MSGSEND = YES;
				ENABLE_TESTABILITY = YES;
				GCC_C_LANGUAGE_STANDARD = gnu11;
				GCC_DYNAMIC_NO_PIC = NO;
				GCC_NO_COMMON_BLOCKS = YES;
				GCC_OPTIMIZATION_LEVEL = 0;
				GCC_PREPROCESSOR_DEFINITIONS = (
					"DEBUG=1",
					"$(inherited)",
				);
				GCC_WARN_64_TO_32_BIT_CONVERSION = YES;
				GCC_WARN_ABOUT_RETURN_TYPE = YES_ERROR;
				GCC_WARN_UNDECLARED_SELECTOR = YES;
				GCC_WARN_UNINITIALIZED_AUTOS = YES_AGGRESSIVE;
				GCC_WARN_UNUSED_FUNCTION = YES;
				GCC_WARN_UNUSED_VARIABLE = YES;
				IPHONEOS_DEPLOYMENT_TARGET = 16.2;
				MTL_ENABLE_DEBUG_INFO = INCLUDE_SOURCE;
				MTL_FAST_MATH = YES;
				ONLY_ACTIVE_ARCH = YES;
				SDKROOT = iphoneos;
				SWIFT_ACTIVE_COMPILATION_CONDITIONS = DEBUG;
				SWIFT_OPTIMIZATION_LEVEL = "-Onone";
			};
			name = Debug;
		};
		ACBB720E2971EE7B002F5FC3 /* Release */ = {
			isa = XCBuildConfiguration;
			buildSettings = {
				ALWAYS_SEARCH_USER_PATHS = NO;
				CLANG_ANALYZER_NONNULL = YES;
				CLANG_ANALYZER_NUMBER_OBJECT_CONVERSION = YES_AGGRESSIVE;
				CLANG_CXX_LANGUAGE_STANDARD = "gnu++20";
				CLANG_ENABLE_MODULES = YES;
				CLANG_ENABLE_OBJC_ARC = YES;
				CLANG_ENABLE_OBJC_WEAK = YES;
				CLANG_WARN_BLOCK_CAPTURE_AUTORELEASING = YES;
				CLANG_WARN_BOOL_CONVERSION = YES;
				CLANG_WARN_COMMA = YES;
				CLANG_WARN_CONSTANT_CONVERSION = YES;
				CLANG_WARN_DEPRECATED_OBJC_IMPLEMENTATIONS = YES;
				CLANG_WARN_DIRECT_OBJC_ISA_USAGE = YES_ERROR;
				CLANG_WARN_DOCUMENTATION_COMMENTS = YES;
				CLANG_WARN_EMPTY_BODY = YES;
				CLANG_WARN_ENUM_CONVERSION = YES;
				CLANG_WARN_INFINITE_RECURSION = YES;
				CLANG_WARN_INT_CONVERSION = YES;
				CLANG_WARN_NON_LITERAL_NULL_CONVERSION = YES;
				CLANG_WARN_OBJC_IMPLICIT_RETAIN_SELF = YES;
				CLANG_WARN_OBJC_LITERAL_CONVERSION = YES;
				CLANG_WARN_OBJC_ROOT_CLASS = YES_ERROR;
				CLANG_WARN_QUOTED_INCLUDE_IN_FRAMEWORK_HEADER = YES;
				CLANG_WARN_RANGE_LOOP_ANALYSIS = YES;
				CLANG_WARN_STRICT_PROTOTYPES = YES;
				CLANG_WARN_SUSPICIOUS_MOVE = YES;
				CLANG_WARN_UNGUARDED_AVAILABILITY = YES_AGGRESSIVE;
				CLANG_WARN_UNREACHABLE_CODE = YES;
				CLANG_WARN__DUPLICATE_METHOD_MATCH = YES;
				COPY_PHASE_STRIP = NO;
				DEBUG_INFORMATION_FORMAT = "dwarf-with-dsym";
				ENABLE_NS_ASSERTIONS = NO;
				ENABLE_STRICT_OBJC_MSGSEND = YES;
				GCC_C_LANGUAGE_STANDARD = gnu11;
				GCC_NO_COMMON_BLOCKS = YES;
				GCC_WARN_64_TO_32_BIT_CONVERSION = YES;
				GCC_WARN_ABOUT_RETURN_TYPE = YES_ERROR;
				GCC_WARN_UNDECLARED_SELECTOR = YES;
				GCC_WARN_UNINITIALIZED_AUTOS = YES_AGGRESSIVE;
				GCC_WARN_UNUSED_FUNCTION = YES;
				GCC_WARN_UNUSED_VARIABLE = YES;
				IPHONEOS_DEPLOYMENT_TARGET = 16.2;
				MTL_ENABLE_DEBUG_INFO = NO;
				MTL_FAST_MATH = YES;
				SDKROOT = iphoneos;
				SWIFT_COMPILATION_MODE = wholemodule;
				SWIFT_OPTIMIZATION_LEVEL = "-O";
				VALIDATE_PRODUCT = YES;
			};
			name = Release;
		};
		ACBB72102971EE7B002F5FC3 /* Debug */ = {
			isa = XCBuildConfiguration;
			buildSettings = {
				ASSETCATALOG_COMPILER_APPICON_NAME = AppIcon;
				ASSETCATALOG_COMPILER_GLOBAL_ACCENT_COLOR_NAME = AccentColor;
				CODE_SIGN_IDENTITY = "Apple Development";
				CODE_SIGN_STYLE = Automatic;
				CURRENT_PROJECT_VERSION = 12;
				DEVELOPMENT_ASSET_PATHS = "\"New Members Check In/Preview Content\"";
				DEVELOPMENT_TEAM = 8462243PH7;
				ENABLE_PREVIEWS = YES;
				GENERATE_INFOPLIST_FILE = YES;
				INFOPLIST_FILE = "New-Members-Check-In-Info.plist";
				INFOPLIST_KEY_CFBundleDisplayName = "New Members Check In";
				INFOPLIST_KEY_LSApplicationCategoryType = "public.app-category.utilities";
				INFOPLIST_KEY_UIApplicationSceneManifest_Generation = YES;
				INFOPLIST_KEY_UIApplicationSupportsIndirectInputEvents = YES;
				INFOPLIST_KEY_UILaunchScreen_Generation = YES;
				INFOPLIST_KEY_UIRequiresFullScreen = NO;
				INFOPLIST_KEY_UIStatusBarHidden = YES;
				INFOPLIST_KEY_UISupportedInterfaceOrientations_iPad = "UIInterfaceOrientationPortrait UIInterfaceOrientationPortraitUpsideDown UIInterfaceOrientationLandscapeLeft UIInterfaceOrientationLandscapeRight";
				INFOPLIST_KEY_UISupportedInterfaceOrientations_iPhone = "UIInterfaceOrientationPortrait UIInterfaceOrientationLandscapeLeft UIInterfaceOrientationLandscapeRight";
				IPHONEOS_DEPLOYMENT_TARGET = 16.0;
				LD_RUNPATH_SEARCH_PATHS = (
					"$(inherited)",
					"@executable_path/Frameworks",
				);
				MARKETING_VERSION = 0.1.0;
				PRODUCT_BUNDLE_IDENTIFIER = "org.christcovenant.New-Members-Check-In";
				PRODUCT_NAME = "$(TARGET_NAME)";
				PROVISIONING_PROFILE_SPECIFIER = "";
				SUPPORTED_PLATFORMS = "iphoneos iphonesimulator";
				SUPPORTS_MACCATALYST = NO;
				SUPPORTS_MAC_DESIGNED_FOR_IPHONE_IPAD = NO;
				SWIFT_EMIT_LOC_STRINGS = YES;
				SWIFT_VERSION = 5.0;
				TARGETED_DEVICE_FAMILY = 2;
			};
			name = Debug;
		};
		ACBB72112971EE7B002F5FC3 /* Release */ = {
			isa = XCBuildConfiguration;
			buildSettings = {
				ASSETCATALOG_COMPILER_APPICON_NAME = AppIcon;
				ASSETCATALOG_COMPILER_GLOBAL_ACCENT_COLOR_NAME = AccentColor;
				CODE_SIGN_IDENTITY = "Apple Development";
				CODE_SIGN_STYLE = Automatic;
				CURRENT_PROJECT_VERSION = 12;
				DEVELOPMENT_ASSET_PATHS = "\"New Members Check In/Preview Content\"";
				DEVELOPMENT_TEAM = 8462243PH7;
				ENABLE_PREVIEWS = YES;
				GENERATE_INFOPLIST_FILE = YES;
				INFOPLIST_FILE = "New-Members-Check-In-Info.plist";
				INFOPLIST_KEY_CFBundleDisplayName = "New Members Check In";
				INFOPLIST_KEY_LSApplicationCategoryType = "public.app-category.utilities";
				INFOPLIST_KEY_UIApplicationSceneManifest_Generation = YES;
				INFOPLIST_KEY_UIApplicationSupportsIndirectInputEvents = YES;
				INFOPLIST_KEY_UILaunchScreen_Generation = YES;
				INFOPLIST_KEY_UIRequiresFullScreen = NO;
				INFOPLIST_KEY_UIStatusBarHidden = YES;
				INFOPLIST_KEY_UISupportedInterfaceOrientations_iPad = "UIInterfaceOrientationPortrait UIInterfaceOrientationPortraitUpsideDown UIInterfaceOrientationLandscapeLeft UIInterfaceOrientationLandscapeRight";
				INFOPLIST_KEY_UISupportedInterfaceOrientations_iPhone = "UIInterfaceOrientationPortrait UIInterfaceOrientationLandscapeLeft UIInterfaceOrientationLandscapeRight";
				IPHONEOS_DEPLOYMENT_TARGET = 16.0;
				LD_RUNPATH_SEARCH_PATHS = (
					"$(inherited)",
					"@executable_path/Frameworks",
				);
				MARKETING_VERSION = 0.1.0;
				PRODUCT_BUNDLE_IDENTIFIER = "org.christcovenant.New-Members-Check-In";
				PRODUCT_NAME = "$(TARGET_NAME)";
				PROVISIONING_PROFILE_SPECIFIER = "";
				SUPPORTED_PLATFORMS = "iphoneos iphonesimulator";
				SUPPORTS_MACCATALYST = NO;
				SUPPORTS_MAC_DESIGNED_FOR_IPHONE_IPAD = NO;
				SWIFT_EMIT_LOC_STRINGS = YES;
				SWIFT_VERSION = 5.0;
				TARGETED_DEVICE_FAMILY = 2;
			};
			name = Release;
		};
/* End XCBuildConfiguration section */

/* Begin XCConfigurationList section */
		ACBB71FC2971EE7A002F5FC3 /* Build configuration list for PBXProject "New Members Check In" */ = {
			isa = XCConfigurationList;
			buildConfigurations = (
				ACBB720D2971EE7B002F5FC3 /* Debug */,
				ACBB720E2971EE7B002F5FC3 /* Release */,
			);
			defaultConfigurationIsVisible = 0;
			defaultConfigurationName = Release;
		};
		ACBB720F2971EE7B002F5FC3 /* Build configuration list for PBXNativeTarget "New Members Check In" */ = {
			isa = XCConfigurationList;
			buildConfigurations = (
				ACBB72102971EE7B002F5FC3 /* Debug */,
				ACBB72112971EE7B002F5FC3 /* Release */,
			);
			defaultConfigurationIsVisible = 0;
			defaultConfigurationName = Release;
		};
/* End XCConfigurationList section */
	};
	rootObject = ACBB71F92971EE7A002F5FC3 /* Project object */;
}
